
Microsoft Visual Studio Solution File, Format Version 12.00
# Visual Studio Version 17
VisualStudioVersion = 17.14.36310.24 d17.14
MinimumVisualStudioVersion = 10.0.40219.1
Project("{8BC9CEB8-8B4A-11D0-8D11-00A0C91BC942}") = "25.10.13", "25.10.13\25.10.13.vcxproj", "{25CDAF3D-7596-4DF9-9C13-E137B2276090}"
EndProject
Global
	GlobalSection(SolutionConfigurationPlatforms) = preSolution
		Debug|x64 = Debug|x64
		Debug|x86 = Debug|x86
		Release|x64 = Release|x64
		Release|x86 = Release|x86
	EndGlobalSection
	GlobalSection(ProjectConfigurationPlatforms) = postSolution
		{25CDAF3D-7596-4DF9-9C13-E137B2276090}.Debug|x64.ActiveCfg = Debug|x64
		{25CDAF3D-7596-4DF9-9C13-E137B2276090}.Debug|x64.Build.0 = Debug|x64
		{25CDAF3D-7596-4DF9-9C13-E137B2276090}.Debug|x86.ActiveCfg = Debug|Win32
		{25CDAF3D-7596-4DF9-9C13-E137B2276090}.Debug|x86.Build.0 = Debug|Win32
		{25CDAF3D-7596-4DF9-9C13-E137B2276090}.Release|x64.ActiveCfg = Release|x64
		{25CDAF3D-7596-4DF9-9C13-E137B2276090}.Release|x64.Build.0 = Release|x64
		{25CDAF3D-7596-4DF9-9C13-E137B2276090}.Release|x86.ActiveCfg = Release|Win32
		{25CDAF3D-7596-4DF9-9C13-E137B2276090}.Release|x86.Build.0 = Release|Win32
	EndGlobalSection
	GlobalSection(SolutionProperties) = preSolution
		HideSolutionNode = FALSE
	EndGlobalSection
	GlobalSection(ExtensibilityGlobals) = postSolution
		SolutionGuid = {032E19F4-5958-463A-89B3-C8FF06FA3A06}
	EndGlobalSection
EndGlobal
