
Microsoft Visual Studio Solution File, Format Version 12.00
# Visual Studio Version 17
VisualStudioVersion = 17.14.36310.24 d17.14
MinimumVisualStudioVersion = 10.0.40219.1
Project("{8BC9CEB8-8B4A-11D0-8D11-00A0C91BC942}") = "25.12.5", "25.12.5\25.12.5.vcxproj", "{9E721336-0D1B-4944-91B2-9303018DA22B}"
EndProject
Global
	GlobalSection(SolutionConfigurationPlatforms) = preSolution
		Debug|x64 = Debug|x64
		Debug|x86 = Debug|x86
		Release|x64 = Release|x64
		Release|x86 = Release|x86
	EndGlobalSection
	GlobalSection(ProjectConfigurationPlatforms) = postSolution
		{9E721336-0D1B-4944-91B2-9303018DA22B}.Debug|x64.ActiveCfg = Debug|x64
		{9E721336-0D1B-4944-91B2-9303018DA22B}.Debug|x64.Build.0 = Debug|x64
		{9E721336-0D1B-4944-91B2-9303018DA22B}.Debug|x86.ActiveCfg = Debug|Win32
		{9E721336-0D1B-4944-91B2-9303018DA22B}.Debug|x86.Build.0 = Debug|Win32
		{9E721336-0D1B-4944-91B2-9303018DA22B}.Release|x64.ActiveCfg = Release|x64
		{9E721336-0D1B-4944-91B2-9303018DA22B}.Release|x64.Build.0 = Release|x64
		{9E721336-0D1B-4944-91B2-9303018DA22B}.Release|x86.ActiveCfg = Release|Win32
		{9E721336-0D1B-4944-91B2-9303018DA22B}.Release|x86.Build.0 = Release|Win32
	EndGlobalSection
	GlobalSection(SolutionProperties) = preSolution
		HideSolutionNode = FALSE
	EndGlobalSection
	GlobalSection(ExtensibilityGlobals) = postSolution
		SolutionGuid = {BC9FF392-F9C6-47B6-88F0-C9202DAB032E}
	EndGlobalSection
EndGlobal
