
Microsoft Visual Studio Solution File, Format Version 12.00
# Visual Studio Version 17
VisualStudioVersion = 17.14.36310.24 d17.14
MinimumVisualStudioVersion = 10.0.40219.1
Project("{8BC9CEB8-8B4A-11D0-8D11-00A0C91BC942}") = "25.12.1", "25.12.1\25.12.1.vcxproj", "{DD282D02-A954-4027-8FE2-D2EB2FD07910}"
EndProject
Global
	GlobalSection(SolutionConfigurationPlatforms) = preSolution
		Debug|x64 = Debug|x64
		Debug|x86 = Debug|x86
		Release|x64 = Release|x64
		Release|x86 = Release|x86
	EndGlobalSection
	GlobalSection(ProjectConfigurationPlatforms) = postSolution
		{DD282D02-A954-4027-8FE2-D2EB2FD07910}.Debug|x64.ActiveCfg = Debug|x64
		{DD282D02-A954-4027-8FE2-D2EB2FD07910}.Debug|x64.Build.0 = Debug|x64
		{DD282D02-A954-4027-8FE2-D2EB2FD07910}.Debug|x86.ActiveCfg = Debug|Win32
		{DD282D02-A954-4027-8FE2-D2EB2FD07910}.Debug|x86.Build.0 = Debug|Win32
		{DD282D02-A954-4027-8FE2-D2EB2FD07910}.Release|x64.ActiveCfg = Release|x64
		{DD282D02-A954-4027-8FE2-D2EB2FD07910}.Release|x64.Build.0 = Release|x64
		{DD282D02-A954-4027-8FE2-D2EB2FD07910}.Release|x86.ActiveCfg = Release|Win32
		{DD282D02-A954-4027-8FE2-D2EB2FD07910}.Release|x86.Build.0 = Release|Win32
	EndGlobalSection
	GlobalSection(SolutionProperties) = preSolution
		HideSolutionNode = FALSE
	EndGlobalSection
	GlobalSection(ExtensibilityGlobals) = postSolution
		SolutionGuid = {B9DDF8A0-14B8-407F-A6F9-8CAFB5FA1AF8}
	EndGlobalSection
EndGlobal
