
Microsoft Visual Studio Solution File, Format Version 12.00
# Visual Studio Version 17
VisualStudioVersion = 17.14.36310.24 d17.14
MinimumVisualStudioVersion = 10.0.40219.1
Project("{8BC9CEB8-8B4A-11D0-8D11-00A0C91BC942}") = "25.10.17", "25.10.17\25.10.17.vcxproj", "{49CD7918-AC6A-41BC-93A4-6AEF0FDAC602}"
EndProject
Global
	GlobalSection(SolutionConfigurationPlatforms) = preSolution
		Debug|x64 = Debug|x64
		Debug|x86 = Debug|x86
		Release|x64 = Release|x64
		Release|x86 = Release|x86
	EndGlobalSection
	GlobalSection(ProjectConfigurationPlatforms) = postSolution
		{49CD7918-AC6A-41BC-93A4-6AEF0FDAC602}.Debug|x64.ActiveCfg = Debug|x64
		{49CD7918-AC6A-41BC-93A4-6AEF0FDAC602}.Debug|x64.Build.0 = Debug|x64
		{49CD7918-AC6A-41BC-93A4-6AEF0FDAC602}.Debug|x86.ActiveCfg = Debug|Win32
		{49CD7918-AC6A-41BC-93A4-6AEF0FDAC602}.Debug|x86.Build.0 = Debug|Win32
		{49CD7918-AC6A-41BC-93A4-6AEF0FDAC602}.Release|x64.ActiveCfg = Release|x64
		{49CD7918-AC6A-41BC-93A4-6AEF0FDAC602}.Release|x64.Build.0 = Release|x64
		{49CD7918-AC6A-41BC-93A4-6AEF0FDAC602}.Release|x86.ActiveCfg = Release|Win32
		{49CD7918-AC6A-41BC-93A4-6AEF0FDAC602}.Release|x86.Build.0 = Release|Win32
	EndGlobalSection
	GlobalSection(SolutionProperties) = preSolution
		HideSolutionNode = FALSE
	EndGlobalSection
	GlobalSection(ExtensibilityGlobals) = postSolution
		SolutionGuid = {D70109C6-3098-4F2E-8167-F5440F7F728B}
	EndGlobalSection
EndGlobal
