
Microsoft Visual Studio Solution File, Format Version 12.00
# Visual Studio Version 17
VisualStudioVersion = 17.14.36310.24 d17.14
MinimumVisualStudioVersion = 10.0.40219.1
Project("{8BC9CEB8-8B4A-11D0-8D11-00A0C91BC942}") = "26.1.5", "26.1.5\26.1.5.vcxproj", "{39CA01FD-F735-44E0-BE5A-4FB3853D9198}"
EndProject
Global
	GlobalSection(SolutionConfigurationPlatforms) = preSolution
		Debug|x64 = Debug|x64
		Debug|x86 = Debug|x86
		Release|x64 = Release|x64
		Release|x86 = Release|x86
	EndGlobalSection
	GlobalSection(ProjectConfigurationPlatforms) = postSolution
		{39CA01FD-F735-44E0-BE5A-4FB3853D9198}.Debug|x64.ActiveCfg = Debug|x64
		{39CA01FD-F735-44E0-BE5A-4FB3853D9198}.Debug|x64.Build.0 = Debug|x64
		{39CA01FD-F735-44E0-BE5A-4FB3853D9198}.Debug|x86.ActiveCfg = Debug|Win32
		{39CA01FD-F735-44E0-BE5A-4FB3853D9198}.Debug|x86.Build.0 = Debug|Win32
		{39CA01FD-F735-44E0-BE5A-4FB3853D9198}.Release|x64.ActiveCfg = Release|x64
		{39CA01FD-F735-44E0-BE5A-4FB3853D9198}.Release|x64.Build.0 = Release|x64
		{39CA01FD-F735-44E0-BE5A-4FB3853D9198}.Release|x86.ActiveCfg = Release|Win32
		{39CA01FD-F735-44E0-BE5A-4FB3853D9198}.Release|x86.Build.0 = Release|Win32
	EndGlobalSection
	GlobalSection(SolutionProperties) = preSolution
		HideSolutionNode = FALSE
	EndGlobalSection
	GlobalSection(ExtensibilityGlobals) = postSolution
		SolutionGuid = {6F191AC5-0E20-49C4-96AA-D787D57E29B4}
	EndGlobalSection
EndGlobal
