
Microsoft Visual Studio Solution File, Format Version 12.00
# Visual Studio Version 17
VisualStudioVersion = 17.14.36310.24 d17.14
MinimumVisualStudioVersion = 10.0.40219.1
Project("{8BC9CEB8-8B4A-11D0-8D11-00A0C91BC942}") = "25.9.12", "25.9.12\25.9.12.vcxproj", "{64DC788C-D3E7-4A41-97C0-E08CD2D6EA05}"
EndProject
Global
	GlobalSection(SolutionConfigurationPlatforms) = preSolution
		Debug|x64 = Debug|x64
		Debug|x86 = Debug|x86
		Release|x64 = Release|x64
		Release|x86 = Release|x86
	EndGlobalSection
	GlobalSection(ProjectConfigurationPlatforms) = postSolution
		{64DC788C-D3E7-4A41-97C0-E08CD2D6EA05}.Debug|x64.ActiveCfg = Debug|x64
		{64DC788C-D3E7-4A41-97C0-E08CD2D6EA05}.Debug|x64.Build.0 = Debug|x64
		{64DC788C-D3E7-4A41-97C0-E08CD2D6EA05}.Debug|x86.ActiveCfg = Debug|Win32
		{64DC788C-D3E7-4A41-97C0-E08CD2D6EA05}.Debug|x86.Build.0 = Debug|Win32
		{64DC788C-D3E7-4A41-97C0-E08CD2D6EA05}.Release|x64.ActiveCfg = Release|x64
		{64DC788C-D3E7-4A41-97C0-E08CD2D6EA05}.Release|x64.Build.0 = Release|x64
		{64DC788C-D3E7-4A41-97C0-E08CD2D6EA05}.Release|x86.ActiveCfg = Release|Win32
		{64DC788C-D3E7-4A41-97C0-E08CD2D6EA05}.Release|x86.Build.0 = Release|Win32
	EndGlobalSection
	GlobalSection(SolutionProperties) = preSolution
		HideSolutionNode = FALSE
	EndGlobalSection
	GlobalSection(ExtensibilityGlobals) = postSolution
		SolutionGuid = {2FD69AC9-FF83-451A-B440-0272B40C7B3F}
	EndGlobalSection
EndGlobal
