
Microsoft Visual Studio Solution File, Format Version 12.00
# Visual Studio Version 17
VisualStudioVersion = 17.14.36310.24 d17.14
MinimumVisualStudioVersion = 10.0.40219.1
Project("{8BC9CEB8-8B4A-11D0-8D11-00A0C91BC942}") = "25.8.20", "25.8.20\25.8.20.vcxproj", "{D34EC383-B98A-47FB-B88B-DC81E4DFE266}"
EndProject
Global
	GlobalSection(SolutionConfigurationPlatforms) = preSolution
		Debug|x64 = Debug|x64
		Debug|x86 = Debug|x86
		Release|x64 = Release|x64
		Release|x86 = Release|x86
	EndGlobalSection
	GlobalSection(ProjectConfigurationPlatforms) = postSolution
		{D34EC383-B98A-47FB-B88B-DC81E4DFE266}.Debug|x64.ActiveCfg = Debug|x64
		{D34EC383-B98A-47FB-B88B-DC81E4DFE266}.Debug|x64.Build.0 = Debug|x64
		{D34EC383-B98A-47FB-B88B-DC81E4DFE266}.Debug|x86.ActiveCfg = Debug|Win32
		{D34EC383-B98A-47FB-B88B-DC81E4DFE266}.Debug|x86.Build.0 = Debug|Win32
		{D34EC383-B98A-47FB-B88B-DC81E4DFE266}.Release|x64.ActiveCfg = Release|x64
		{D34EC383-B98A-47FB-B88B-DC81E4DFE266}.Release|x64.Build.0 = Release|x64
		{D34EC383-B98A-47FB-B88B-DC81E4DFE266}.Release|x86.ActiveCfg = Release|Win32
		{D34EC383-B98A-47FB-B88B-DC81E4DFE266}.Release|x86.Build.0 = Release|Win32
	EndGlobalSection
	GlobalSection(SolutionProperties) = preSolution
		HideSolutionNode = FALSE
	EndGlobalSection
	GlobalSection(ExtensibilityGlobals) = postSolution
		SolutionGuid = {0F28E18A-E77B-4FEE-B67A-81A26DB757EE}
	EndGlobalSection
EndGlobal
